
Microsoft Visual Studio Solution File, Format Version 12.00
# Visual Studio Version 16
VisualStudioVersion = 16.0.31321.278
MinimumVisualStudioVersion = 10.0.40219.1
Project("{FAE04EC0-301F-11D3-BF4B-00C04F79EFBC}") = "WebApplicationTest", "WebApplicationTest.csproj", "{0BEA297E-D359-481C-A79D-8637B28BAA85}"
EndProject
Global
	GlobalSection(SolutionConfigurationPlatforms) = preSolution
		Debug|Any CPU = Debug|Any CPU
		Release|Any CPU = Release|Any CPU
	EndGlobalSection
	GlobalSection(ProjectConfigurationPlatforms) = postSolution
		{0BEA297E-D359-481C-A79D-8637B28BAA85}.Debug|Any CPU.ActiveCfg = Debug|Any CPU
		{0BEA297E-D359-481C-A79D-8637B28BAA85}.Debug|Any CPU.Build.0 = Debug|Any CPU
		{0BEA297E-D359-481C-A79D-8637B28BAA85}.Release|Any CPU.ActiveCfg = Release|Any CPU
		{0BEA297E-D359-481C-A79D-8637B28BAA85}.Release|Any CPU.Build.0 = Release|Any CPU
	EndGlobalSection
	GlobalSection(SolutionProperties) = preSolution
		HideSolutionNode = FALSE
	EndGlobalSection
	GlobalSection(ExtensibilityGlobals) = postSolution
		SolutionGuid = {B4C16760-152F-42EA-963E-D4438A852631}
	EndGlobalSection
EndGlobal
